{
  "name": "aip-cli",
  "lockfileVersion": 3,
  "requires": true,
  "packages": {
    "": {
      "dependencies": {
        "npm-axi": "^0.1.1",
        "pnpm": "^11.17.0"
      }
    },
    "node_modules/@toon-format/toon": {
      "version": "2.3.1",
      "resolved": "https://registry.npmjs.org/@toon-format/toon/-/toon-2.3.1.tgz",
      "integrity": "sha512-sWqEMeAJGMda9qRrfPKrX3C4c33CO9SJuvJzzrcBEn5sbDB+k6pSLkDsfN0rVnLQwR97MV3sDgVbcxQNsq8xVw==",
      "license": "MIT"
    },
    "node_modules/axi-sdk-js": {
      "version": "0.1.8",
      "resolved": "https://registry.npmjs.org/axi-sdk-js/-/axi-sdk-js-0.1.8.tgz",
      "integrity": "sha512-N8Qd/9sVBpG8QRVSw0lLevdFuaBfjHHPdcbcj8DCuxr68sA1/c5KCnGEDqO7lI3kt52/bgymCZajmpTqz/rLOw==",
      "license": "MIT",
      "dependencies": {
        "@toon-format/toon": "^2.1.0"
      },
      "engines": {
        "node": ">=20"
      }
    },
    "node_modules/npm-axi": {
      "version": "0.1.1",
      "resolved": "https://registry.npmjs.org/npm-axi/-/npm-axi-0.1.1.tgz",
      "integrity": "sha512-Z11rtzROaRGqXNpb9h2Qev1wjligcskf4fEWlFTQk9NzjXhVAuDvZFhdIbkYF4fCLLly/RPS/u6iQBtsfPh3FQ==",
      "license": "MIT",
      "dependencies": {
        "axi-sdk-js": "^0.1.7"
      },
      "bin": {
        "npm-axi": "dist/bin/npm-axi.js"
      },
      "engines": {
        "node": ">=18"
      }
    },
    "node_modules/pnpm": {
      "version": "11.17.0",
      "resolved": "https://registry.npmjs.org/pnpm/-/pnpm-11.17.0.tgz",
      "integrity": "sha512-zKPOozKtJUu4QUX5ZtGfSHlhUhA0b8kseaBH8joNezzKPDeS8AdrofGDHSd++88KkRmzGppg7Kf7PWIx8zHvcg==",
      "license": "MIT",
      "bin": {
        "pn": "bin/pnpm.mjs",
        "pnpm": "bin/pnpm.mjs",
        "pnpx": "bin/pnpx.mjs",
        "pnx": "bin/pnpx.mjs"
      },
      "engines": {
        "node": ">=22.13"
      },
      "funding": {
        "url": "https://opencollective.com/pnpm"
      }
    }
  }
}
